
Microsoft Visual Studio Solution File, Format Version 12.00
# Visual Studio Version 16
VisualStudioVersion = 16.0.30804.86
MinimumVisualStudioVersion = 10.0.40219.1
Project("{9A19103F-16F7-4668-BE54-9A1E7A4F7556}") = "ConsoleUI", "ConsoleUI\ConsoleUI.csproj", "{451B111C-F9CC-4AD5-8F74-9A822EF4A428}"
EndProject
Project("{9A19103F-16F7-4668-BE54-9A1E7A4F7556}") = "WebAPI", "WebAPI\WebAPI.csproj", "{3DE6A691-ECB1-42D7-9677-F93DD5BCC81A}"
EndProject
Project("{9A19103F-16F7-4668-BE54-9A1E7A4F7556}") = "DALLibrary", "DALLibrary\DALLibrary.csproj", "{D5280996-14A9-4ABD-BE34-2AF8884953F4}"
EndProject
Project("{FAE04EC0-301F-11D3-BF4B-00C04F79EFBC}") = "ConsoleApp", "ConsoleApp2\ConsoleApp.csproj", "{0DCB8AAC-B953-4E8A-882B-E28B69D89F87}"
EndProject
Project("{9A19103F-16F7-4668-BE54-9A1E7A4F7556}") = "WhatsApp", "ConsoleApp3\WhatsApp.csproj", "{84CA7A33-B75E-4F43-A972-97106A2D61D9}"
EndProject
Project("{2150E333-8FDC-42A3-9474-1A3956D46DE8}") = "Framework", "Framework", "{BC9E8B0B-6BBA-4798-92E6-F3507B98C2C1}"
EndProject
Project("{2150E333-8FDC-42A3-9474-1A3956D46DE8}") = "Core", "Core", "{8D640732-6EB7-439C-A9CA-FCBBD3DD319A}"
EndProject
Project("{FAE04EC0-301F-11D3-BF4B-00C04F79EFBC}") = "WebAppAPI", "WebAppAPI\WebAppAPI.csproj", "{79051417-C3EB-489A-A745-24B2A264DAE0}"
EndProject
Project("{FAE04EC0-301F-11D3-BF4B-00C04F79EFBC}") = "WebAppMVC", "WebAppMVC\WebAppMVC.csproj", "{7A9C3F7E-4F39-434B-9487-82CB91CB2CB4}"
EndProject
Project("{9A19103F-16F7-4668-BE54-9A1E7A4F7556}") = "AdoApp", "AdoApp\AdoApp.csproj", "{5196D9EA-771E-41E0-AA11-6A0B731B512A}"
EndProject
Project("{2150E333-8FDC-42A3-9474-1A3956D46DE8}") = "ConsoleLib", "ConsoleLib", "{A0A6158E-A38D-4113-8480-938A0AA77F95}"
EndProject
Project("{2150E333-8FDC-42A3-9474-1A3956D46DE8}") = "Facade", "Facade", "{5EC61915-D92C-49C8-BFFE-ABD720AE4AE6}"
EndProject
Project("{9A19103F-16F7-4668-BE54-9A1E7A4F7556}") = "FacadeDemo", "FacadeDemo\FacadeDemo.csproj", "{53BEAF28-74CD-4251-BC48-C7BD494AE388}"
EndProject
Project("{9A19103F-16F7-4668-BE54-9A1E7A4F7556}") = "ShoppingCart", "ShoppingCart\ShoppingCart.csproj", "{0525FFEC-2E14-4D05-9429-2FABBD82DE04}"
EndProject
Project("{9A19103F-16F7-4668-BE54-9A1E7A4F7556}") = "ShoppingFacade", "ShoppingFacade\ShoppingFacade.csproj", "{0ED0F28E-38EE-49C0-BA4D-C52F6A3B9D8C}"
EndProject
Global
	GlobalSection(SolutionConfigurationPlatforms) = preSolution
		Debug|Any CPU = Debug|Any CPU
		Release|Any CPU = Release|Any CPU
	EndGlobalSection
	GlobalSection(ProjectConfigurationPlatforms) = postSolution
		{451B111C-F9CC-4AD5-8F74-9A822EF4A428}.Debug|Any CPU.ActiveCfg = Debug|Any CPU
		{451B111C-F9CC-4AD5-8F74-9A822EF4A428}.Debug|Any CPU.Build.0 = Debug|Any CPU
		{451B111C-F9CC-4AD5-8F74-9A822EF4A428}.Release|Any CPU.ActiveCfg = Release|Any CPU
		{451B111C-F9CC-4AD5-8F74-9A822EF4A428}.Release|Any CPU.Build.0 = Release|Any CPU
		{3DE6A691-ECB1-42D7-9677-F93DD5BCC81A}.Debug|Any CPU.ActiveCfg = Debug|Any CPU
		{3DE6A691-ECB1-42D7-9677-F93DD5BCC81A}.Debug|Any CPU.Build.0 = Debug|Any CPU
		{3DE6A691-ECB1-42D7-9677-F93DD5BCC81A}.Release|Any CPU.ActiveCfg = Release|Any CPU
		{3DE6A691-ECB1-42D7-9677-F93DD5BCC81A}.Release|Any CPU.Build.0 = Release|Any CPU
		{D5280996-14A9-4ABD-BE34-2AF8884953F4}.Debug|Any CPU.ActiveCfg = Debug|Any CPU
		{D5280996-14A9-4ABD-BE34-2AF8884953F4}.Debug|Any CPU.Build.0 = Debug|Any CPU
		{D5280996-14A9-4ABD-BE34-2AF8884953F4}.Release|Any CPU.ActiveCfg = Release|Any CPU
		{D5280996-14A9-4ABD-BE34-2AF8884953F4}.Release|Any CPU.Build.0 = Release|Any CPU
		{0DCB8AAC-B953-4E8A-882B-E28B69D89F87}.Debug|Any CPU.ActiveCfg = Debug|Any CPU
		{0DCB8AAC-B953-4E8A-882B-E28B69D89F87}.Debug|Any CPU.Build.0 = Debug|Any CPU
		{0DCB8AAC-B953-4E8A-882B-E28B69D89F87}.Release|Any CPU.ActiveCfg = Release|Any CPU
		{0DCB8AAC-B953-4E8A-882B-E28B69D89F87}.Release|Any CPU.Build.0 = Release|Any CPU
		{84CA7A33-B75E-4F43-A972-97106A2D61D9}.Debug|Any CPU.ActiveCfg = Debug|Any CPU
		{84CA7A33-B75E-4F43-A972-97106A2D61D9}.Debug|Any CPU.Build.0 = Debug|Any CPU
		{84CA7A33-B75E-4F43-A972-97106A2D61D9}.Release|Any CPU.ActiveCfg = Release|Any CPU
		{84CA7A33-B75E-4F43-A972-97106A2D61D9}.Release|Any CPU.Build.0 = Release|Any CPU
		{79051417-C3EB-489A-A745-24B2A264DAE0}.Debug|Any CPU.ActiveCfg = Debug|Any CPU
		{79051417-C3EB-489A-A745-24B2A264DAE0}.Debug|Any CPU.Build.0 = Debug|Any CPU
		{79051417-C3EB-489A-A745-24B2A264DAE0}.Release|Any CPU.ActiveCfg = Release|Any CPU
		{79051417-C3EB-489A-A745-24B2A264DAE0}.Release|Any CPU.Build.0 = Release|Any CPU
		{7A9C3F7E-4F39-434B-9487-82CB91CB2CB4}.Debug|Any CPU.ActiveCfg = Debug|Any CPU
		{7A9C3F7E-4F39-434B-9487-82CB91CB2CB4}.Debug|Any CPU.Build.0 = Debug|Any CPU
		{7A9C3F7E-4F39-434B-9487-82CB91CB2CB4}.Release|Any CPU.ActiveCfg = Release|Any CPU
		{7A9C3F7E-4F39-434B-9487-82CB91CB2CB4}.Release|Any CPU.Build.0 = Release|Any CPU
		{5196D9EA-771E-41E0-AA11-6A0B731B512A}.Debug|Any CPU.ActiveCfg = Debug|Any CPU
		{5196D9EA-771E-41E0-AA11-6A0B731B512A}.Debug|Any CPU.Build.0 = Debug|Any CPU
		{5196D9EA-771E-41E0-AA11-6A0B731B512A}.Release|Any CPU.ActiveCfg = Release|Any CPU
		{5196D9EA-771E-41E0-AA11-6A0B731B512A}.Release|Any CPU.Build.0 = Release|Any CPU
		{53BEAF28-74CD-4251-BC48-C7BD494AE388}.Debug|Any CPU.ActiveCfg = Debug|Any CPU
		{53BEAF28-74CD-4251-BC48-C7BD494AE388}.Debug|Any CPU.Build.0 = Debug|Any CPU
		{53BEAF28-74CD-4251-BC48-C7BD494AE388}.Release|Any CPU.ActiveCfg = Release|Any CPU
		{53BEAF28-74CD-4251-BC48-C7BD494AE388}.Release|Any CPU.Build.0 = Release|Any CPU
		{0525FFEC-2E14-4D05-9429-2FABBD82DE04}.Debug|Any CPU.ActiveCfg = Debug|Any CPU
		{0525FFEC-2E14-4D05-9429-2FABBD82DE04}.Debug|Any CPU.Build.0 = Debug|Any CPU
		{0525FFEC-2E14-4D05-9429-2FABBD82DE04}.Release|Any CPU.ActiveCfg = Release|Any CPU
		{0525FFEC-2E14-4D05-9429-2FABBD82DE04}.Release|Any CPU.Build.0 = Release|Any CPU
		{0ED0F28E-38EE-49C0-BA4D-C52F6A3B9D8C}.Debug|Any CPU.ActiveCfg = Debug|Any CPU
		{0ED0F28E-38EE-49C0-BA4D-C52F6A3B9D8C}.Debug|Any CPU.Build.0 = Debug|Any CPU
		{0ED0F28E-38EE-49C0-BA4D-C52F6A3B9D8C}.Release|Any CPU.ActiveCfg = Release|Any CPU
		{0ED0F28E-38EE-49C0-BA4D-C52F6A3B9D8C}.Release|Any CPU.Build.0 = Release|Any CPU
	EndGlobalSection
	GlobalSection(SolutionProperties) = preSolution
		HideSolutionNode = FALSE
	EndGlobalSection
	GlobalSection(NestedProjects) = preSolution
		{451B111C-F9CC-4AD5-8F74-9A822EF4A428} = {A0A6158E-A38D-4113-8480-938A0AA77F95}
		{3DE6A691-ECB1-42D7-9677-F93DD5BCC81A} = {8D640732-6EB7-439C-A9CA-FCBBD3DD319A}
		{D5280996-14A9-4ABD-BE34-2AF8884953F4} = {A0A6158E-A38D-4113-8480-938A0AA77F95}
		{0DCB8AAC-B953-4E8A-882B-E28B69D89F87} = {A0A6158E-A38D-4113-8480-938A0AA77F95}
		{84CA7A33-B75E-4F43-A972-97106A2D61D9} = {A0A6158E-A38D-4113-8480-938A0AA77F95}
		{79051417-C3EB-489A-A745-24B2A264DAE0} = {BC9E8B0B-6BBA-4798-92E6-F3507B98C2C1}
		{7A9C3F7E-4F39-434B-9487-82CB91CB2CB4} = {BC9E8B0B-6BBA-4798-92E6-F3507B98C2C1}
		{5196D9EA-771E-41E0-AA11-6A0B731B512A} = {8D640732-6EB7-439C-A9CA-FCBBD3DD319A}
		{5EC61915-D92C-49C8-BFFE-ABD720AE4AE6} = {A0A6158E-A38D-4113-8480-938A0AA77F95}
		{53BEAF28-74CD-4251-BC48-C7BD494AE388} = {5EC61915-D92C-49C8-BFFE-ABD720AE4AE6}
		{0525FFEC-2E14-4D05-9429-2FABBD82DE04} = {5EC61915-D92C-49C8-BFFE-ABD720AE4AE6}
		{0ED0F28E-38EE-49C0-BA4D-C52F6A3B9D8C} = {5EC61915-D92C-49C8-BFFE-ABD720AE4AE6}
	EndGlobalSection
	GlobalSection(ExtensibilityGlobals) = postSolution
		SolutionGuid = {2C1EABCD-55C0-45AA-BA18-5D163B68BCED}
	EndGlobalSection
EndGlobal
